# THIS IS AN AUTOGENERATED FILE. DO NOT EDIT THIS FILE DIRECTLY.
# yarn lockfile v1


"@isaacs/balanced-match@^4.0.1":
  version "4.0.1"
  resolved "https://registry.yarnpkg.com/@isaacs/balanced-match/-/balanced-match-4.0.1.tgz#3081dadbc3460661b751e7591d7faea5df39dd29"
  integrity sha512-yzMTt9lEb8Gv7zRioUilSglI0c0smZ9k5D65677DLWLtWJaXIS3CqcGyUFByYKlnUj6TkjLVs54fBl6+TiGQDQ==

"@isaacs/brace-expansion@^5.0.0":
  version "5.0.0"
  resolved "https://registry.yarnpkg.com/@isaacs/brace-expansion/-/brace-expansion-5.0.0.tgz#4b3dabab7d8e75a429414a96bd67bf4c1d13e0f3"
  integrity sha512-ZT55BDLV0yv0RBm2czMiZ+SqCGO7AvmOM3G/w2xhVPH+te0aKgFjmBvGlL1dH+ql2tgGO3MVrbb3jCKyvpgnxA==
  dependencies:
    "@isaacs/balanced-match" "^4.0.1"

glob@^13.0.0:
  version "13.0.0"
  resolved "https://registry.yarnpkg.com/glob/-/glob-13.0.0.tgz#9d9233a4a274fc28ef7adce5508b7ef6237a1be3"
  integrity sha512-tvZgpqk6fz4BaNZ66ZsRaZnbHvP/jG3uKJvAZOwEVUL4RTA5nJeeLYfyN9/VA8NX/V3IBG+hkeuGpKjvELkVhA==
  dependencies:
    minimatch "^10.1.1"
    minipass "^7.1.2"
    path-scurry "^2.0.0"

lru-cache@^11.0.0:
  version "11.2.4"
  resolved "https://registry.yarnpkg.com/lru-cache/-/lru-cache-11.2.4.tgz#ecb523ebb0e6f4d837c807ad1abaea8e0619770d"
  integrity sha512-B5Y16Jr9LB9dHVkh6ZevG+vAbOsNOYCX+sXvFWFu7B3Iz5mijW3zdbMyhsh8ANd2mSWBYdJgnqi+mL7/LrOPYg==

minimatch@^10.1.1:
  version "10.1.1"
  resolved "https://registry.yarnpkg.com/minimatch/-/minimatch-10.1.1.tgz#e6e61b9b0c1dcab116b5a7d1458e8b6ae9e73a55"
  integrity sha512-enIvLvRAFZYXJzkCYG5RKmPfrFArdLv+R+lbQ53BmIMLIry74bjKzX6iHAm8WYamJkhSSEabrWN5D97XnKObjQ==
  dependencies:
    "@isaacs/brace-expansion" "^5.0.0"

minipass@^7.1.2:
  version "7.1.2"
  resolved "https://registry.yarnpkg.com/minipass/-/minipass-7.1.2.tgz#93a9626ce5e5e66bd4db86849e7515e92340a707"
  integrity sha512-qOOzS1cBTWYF4BH8fVePDBOO9iptMnGUEZwNc/cMWnTV2nVLZ7VoNWEPHkYczZA0pdoA7dl6e7FL659nX9S2aw==

package-json-from-dist@^1.0.1:
  version "1.0.1"
  resolved "https://registry.yarnpkg.com/package-json-from-dist/-/package-json-from-dist-1.0.1.tgz#4f1471a010827a86f94cfd9b0727e36d267de505"
  integrity sha512-UEZIS3/by4OC8vL3P2dTXRETpebLI2NiI5vIrjaD/5UtrkFX/tNbwjTSRAGC/+7CAo2pIcBaRgWmcBBHcsaCIw==

path-scurry@^2.0.0:
  version "2.0.1"
  resolved "https://registry.yarnpkg.com/path-scurry/-/path-scurry-2.0.1.tgz#4b6572376cfd8b811fca9cd1f5c24b3cbac0fe10"
  integrity sha512-oWyT4gICAu+kaA7QWk/jvCHWarMKNs6pXOGWKDTr7cw4IGcUbW+PeTfbaQiLGheFRpjo6O9J0PmyMfQPjH71oA==
  dependencies:
    lru-cache "^11.0.0"
    minipass "^7.1.2"

rimraf@^6.1.2:
  version "6.1.2"
  resolved "https://registry.yarnpkg.com/rimraf/-/rimraf-6.1.2.tgz#9a0f3cea2ab853e81291127422116ecf2a86ae89"
  integrity sha512-cFCkPslJv7BAXJsYlK1dZsbP8/ZNLkCAQ0bi1hf5EKX2QHegmDFEFA6QhuYJlk7UDdc+02JjO80YSOrWPpw06g==
  dependencies:
    glob "^13.0.0"
    package-json-from-dist "^1.0.1"
